{
  "name": "vite-typescript-starter",
  "version": "0.0.0",
  "lockfileVersion": 2,
  "requires": true,
  "packages": {
    "": {
      "name": "vite-typescript-starter",
      "version": "0.0.0",
      "devDependencies": {
        "@stencil/core": "4.22.2",
        "@stencil/sass": "3.0.12",
        "@stencil/store": "2.0.16",
        "typescript": "5.6.2"
      }
    },
    "node_modules/@stencil/core": {
      "version": "4.22.2",
      "resolved": "https://registry.npmjs.org/@stencil/core/-/core-4.22.2.tgz",
      "integrity": "sha512-eq2pYrrnzcLyBRANk0X/VVOfCtD0nCxWnEZ0AVdscuqfDkOjxa6SSZOfEhR9FAvrmESHp8y5jRCVPnf4n5CC4A==",
      "dev": true,
      "bin": {
        "stencil": "bin/stencil"
      },
      "engines": {
        "node": ">=16.0.0",
        "npm": ">=7.10.0"
      }
    },
    "node_modules/@stencil/sass": {
      "version": "3.0.12",
      "resolved": "https://registry.npmjs.org/@stencil/sass/-/sass-3.0.12.tgz",
      "integrity": "sha512-aXMgpG13ftxLYo2dDauapvE9gKzSxTAqCMOfTqbPhKUCZ43JsknkLx+PArRaFtfYeVGSQ8eTS4ck7/Nlec+PNA==",
      "dev": true,
      "engines": {
        "node": ">=12.0.0",
        "npm": ">=6.0.0"
      },
      "peerDependencies": {
        "@stencil/core": ">=2.0.0 || >=3.0.0-beta.0 || >= 4.0.0-beta.0 || >= 4.0.0"
      }
    },
    "node_modules/@stencil/store": {
      "version": "2.0.16",
      "resolved": "https://registry.npmjs.org/@stencil/store/-/store-2.0.16.tgz",
      "integrity": "sha512-ET3EByKlmNyTA8O+tcp5YWePOiVnPIiuoiIaxTrf3zFFVo7JWVsVoak9IE0UTn3MkIM0ubR9lgxvi70uN588/A==",
      "dev": true,
      "engines": {
        "node": ">=12.0.0",
        "npm": ">=6.0.0"
      },
      "peerDependencies": {
        "@stencil/core": ">=2.0.0 || >=3.0.0 || >= 4.0.0-beta.0 || >= 4.0.0"
      }
    },
    "node_modules/typescript": {
      "version": "5.6.2",
      "resolved": "https://registry.npmjs.org/typescript/-/typescript-5.6.2.tgz",
      "integrity": "sha512-NW8ByodCSNCwZeghjN3o+JX5OFH0Ojg6sadjEKY4huZ52TqbJTJnDo5+Tw98lSy63NZvi4n+ez5m2u5d4PkZyw==",
      "dev": true,
      "bin": {
        "tsc": "bin/tsc",
        "tsserver": "bin/tsserver"
      },
      "engines": {
        "node": ">=14.17"
      }
    }
  },
  "dependencies": {
    "@stencil/core": {
      "version": "4.22.2",
      "resolved": "https://registry.npmjs.org/@stencil/core/-/core-4.22.2.tgz",
      "integrity": "sha512-eq2pYrrnzcLyBRANk0X/VVOfCtD0nCxWnEZ0AVdscuqfDkOjxa6SSZOfEhR9FAvrmESHp8y5jRCVPnf4n5CC4A==",
      "dev": true
    },
    "@stencil/sass": {
      "version": "3.0.12",
      "resolved": "https://registry.npmjs.org/@stencil/sass/-/sass-3.0.12.tgz",
      "integrity": "sha512-aXMgpG13ftxLYo2dDauapvE9gKzSxTAqCMOfTqbPhKUCZ43JsknkLx+PArRaFtfYeVGSQ8eTS4ck7/Nlec+PNA==",
      "dev": true,
      "requires": {}
    },
    "@stencil/store": {
      "version": "2.0.16",
      "resolved": "https://registry.npmjs.org/@stencil/store/-/store-2.0.16.tgz",
      "integrity": "sha512-ET3EByKlmNyTA8O+tcp5YWePOiVnPIiuoiIaxTrf3zFFVo7JWVsVoak9IE0UTn3MkIM0ubR9lgxvi70uN588/A==",
      "dev": true,
      "requires": {}
    },
    "typescript": {
      "version": "5.6.2",
      "resolved": "https://registry.npmjs.org/typescript/-/typescript-5.6.2.tgz",
      "integrity": "sha512-NW8ByodCSNCwZeghjN3o+JX5OFH0Ojg6sadjEKY4huZ52TqbJTJnDo5+Tw98lSy63NZvi4n+ez5m2u5d4PkZyw==",
      "dev": true
    }
  }
}
